{
    "version": 3,
    "terraform_version": "0.11.10",
    "serial": 88,
    "lineage": "3f75de75-f620-0e83-367b-95f0f5a8b2c8",
    "modules": [
        {
            "path": [
                "root"
            ],
            "outputs": {
                "Bucket Name": {
                    "sensitive": false,
                    "type": "string",
                    "value": "la-terraform-5535"
                },
                "Kmaster Public Instance IDs": {
                    "sensitive": false,
                    "type": "string",
                    "value": "i-0493ce60a36638979, i-04f43dfea943f7527"
                },
                "Kmaster Public Instance IPs": {
                    "sensitive": false,
                    "type": "string",
                    "value": "18.205.17.28, 52.91.158.56"
                },
                "Kminion Public Instance IDs": {
                    "sensitive": false,
                    "type": "string",
                    "value": "i-0f0d6dc9d61292a09, i-03b70ed05ee05d9da"
                },
                "Kminion Public Instance IPs": {
                    "sensitive": false,
                    "type": "string",
                    "value": "52.90.100.214, 34.229.226.38"
                },
                "Public Security Group": {
                    "sensitive": false,
                    "type": "string",
                    "value": "sg-0ef8609f6b81aa58a"
                },
                "Public Subnets": {
                    "sensitive": false,
                    "type": "string",
                    "value": "subnet-0dffbdc7a1a6d8c3c, subnet-0dad067d6d542739f, subnet-03ae5e7f96c122a99, subnet-06790343cfbd8cbc2"
                },
                "Subnet IPs": {
                    "sensitive": false,
                    "type": "string",
                    "value": "10.123.1.0/24, 10.123.2.0/24, 10.123.3.0/24, 10.123.4.0/24"
                }
            },
            "resources": {},
            "depends_on": []
        },
        {
            "path": [
                "root",
                "compute"
            ],
            "outputs": {
                "kmaster_id": {
                    "sensitive": false,
                    "type": "string",
                    "value": "i-0493ce60a36638979, i-04f43dfea943f7527"
                },
                "kmaster_ip": {
                    "sensitive": false,
                    "type": "string",
                    "value": "18.205.17.28, 52.91.158.56"
                },
                "kminion_id": {
                    "sensitive": false,
                    "type": "string",
                    "value": "i-0f0d6dc9d61292a09, i-03b70ed05ee05d9da"
                },
                "kminion_ip": {
                    "sensitive": false,
                    "type": "string",
                    "value": "52.90.100.214, 34.229.226.38"
                }
            },
            "resources": {
                "aws_instance.kmaster.0": {
                    "type": "aws_instance",
                    "depends_on": [
                        "aws_key_pair.kube_auth",
                        "data.aws_ami.server_ami",
                        "data.template_file.user-init.*"
                    ],
                    "primary": {
                        "id": "i-0493ce60a36638979",
                        "attributes": {
                            "ami": "ami-0ac019f4fcb7cb7e6",
                            "arn": "arn:aws:ec2:us-east-1:071208650420:instance/i-0493ce60a36638979",
                            "associate_public_ip_address": "true",
                            "availability_zone": "us-east-1a",
                            "cpu_core_count": "1",
                            "cpu_threads_per_core": "1",
                            "credit_specification.#": "1",
                            "credit_specification.0.cpu_credits": "standard",
                            "disable_api_termination": "false",
                            "ebs_block_device.#": "0",
                            "ebs_optimized": "false",
                            "ephemeral_block_device.#": "0",
                            "get_password_data": "false",
                            "iam_instance_profile": "",
                            "id": "i-0493ce60a36638979",
                            "instance_state": "running",
                            "instance_type": "t2.micro",
                            "ipv6_addresses.#": "0",
                            "key_name": "tf_key",
                            "monitoring": "false",
                            "network_interface.#": "0",
                            "network_interface_id": "eni-00796d7d34dac66f2",
                            "password_data": "",
                            "placement_group": "",
                            "primary_network_interface_id": "eni-00796d7d34dac66f2",
                            "private_dns": "ip-10-123-1-170.ec2.internal",
                            "private_ip": "10.123.1.170",
                            "public_dns": "ec2-18-205-17-28.compute-1.amazonaws.com",
                            "public_ip": "18.205.17.28",
                            "root_block_device.#": "1",
                            "root_block_device.0.delete_on_termination": "true",
                            "root_block_device.0.iops": "100",
                            "root_block_device.0.volume_id": "vol-06535fa66fcc5af75",
                            "root_block_device.0.volume_size": "8",
                            "root_block_device.0.volume_type": "gp2",
                            "security_groups.#": "0",
                            "source_dest_check": "true",
                            "subnet_id": "subnet-0dffbdc7a1a6d8c3c",
                            "tags.%": "1",
                            "tags.Name": "kmaster-1",
                            "tenancy": "default",
                            "user_data": "7f5d3cbd45a56991e20e8f9f6b6357481f6868b4",
                            "volume_tags.%": "0",
                            "vpc_security_group_ids.#": "1",
                            "vpc_security_group_ids.3978754936": "sg-0ef8609f6b81aa58a"
                        },
                        "meta": {
                            "e2bfb730-ecaa-11e6-8f88-34363bc7c4c0": {
                                "create": 600000000000,
                                "delete": 1200000000000,
                                "update": 600000000000
                            },
                            "schema_version": "1"
                        },
                        "tainted": false
                    },
                    "deposed": [],
                    "provider": "provider.aws"
                },
                "aws_instance.kmaster.1": {
                    "type": "aws_instance",
                    "depends_on": [
                        "aws_key_pair.kube_auth",
                        "data.aws_ami.server_ami",
                        "data.template_file.user-init.*"
                    ],
                    "primary": {
                        "id": "i-04f43dfea943f7527",
                        "attributes": {
                            "ami": "ami-0ac019f4fcb7cb7e6",
                            "arn": "arn:aws:ec2:us-east-1:071208650420:instance/i-04f43dfea943f7527",
                            "associate_public_ip_address": "true",
                            "availability_zone": "us-east-1b",
                            "cpu_core_count": "1",
                            "cpu_threads_per_core": "1",
                            "credit_specification.#": "1",
                            "credit_specification.0.cpu_credits": "standard",
                            "disable_api_termination": "false",
                            "ebs_block_device.#": "0",
                            "ebs_optimized": "false",
                            "ephemeral_block_device.#": "0",
                            "get_password_data": "false",
                            "iam_instance_profile": "",
                            "id": "i-04f43dfea943f7527",
                            "instance_state": "running",
                            "instance_type": "t2.micro",
                            "ipv6_addresses.#": "0",
                            "key_name": "tf_key",
                            "monitoring": "false",
                            "network_interface.#": "0",
                            "network_interface_id": "eni-07642b513f62d671f",
                            "password_data": "",
                            "placement_group": "",
                            "primary_network_interface_id": "eni-07642b513f62d671f",
                            "private_dns": "ip-10-123-2-207.ec2.internal",
                            "private_ip": "10.123.2.207",
                            "public_dns": "ec2-52-91-158-56.compute-1.amazonaws.com",
                            "public_ip": "52.91.158.56",
                            "root_block_device.#": "1",
                            "root_block_device.0.delete_on_termination": "true",
                            "root_block_device.0.iops": "100",
                            "root_block_device.0.volume_id": "vol-0e4f93f12fb05fb5c",
                            "root_block_device.0.volume_size": "8",
                            "root_block_device.0.volume_type": "gp2",
                            "security_groups.#": "0",
                            "source_dest_check": "true",
                            "subnet_id": "subnet-0dad067d6d542739f",
                            "tags.%": "1",
                            "tags.Name": "kmaster-2",
                            "tenancy": "default",
                            "user_data": "7f5d3cbd45a56991e20e8f9f6b6357481f6868b4",
                            "volume_tags.%": "0",
                            "vpc_security_group_ids.#": "1",
                            "vpc_security_group_ids.3978754936": "sg-0ef8609f6b81aa58a"
                        },
                        "meta": {
                            "e2bfb730-ecaa-11e6-8f88-34363bc7c4c0": {
                                "create": 600000000000,
                                "delete": 1200000000000,
                                "update": 600000000000
                            },
                            "schema_version": "1"
                        },
                        "tainted": false
                    },
                    "deposed": [],
                    "provider": "provider.aws"
                },
                "aws_instance.kminion.0": {
                    "type": "aws_instance",
                    "depends_on": [
                        "aws_key_pair.kube_auth",
                        "data.aws_ami.server_ami",
                        "data.template_file.user-init.*"
                    ],
                    "primary": {
                        "id": "i-0f0d6dc9d61292a09",
                        "attributes": {
                            "ami": "ami-0ac019f4fcb7cb7e6",
                            "arn": "arn:aws:ec2:us-east-1:071208650420:instance/i-0f0d6dc9d61292a09",
                            "associate_public_ip_address": "true",
                            "availability_zone": "us-east-1a",
                            "cpu_core_count": "1",
                            "cpu_threads_per_core": "1",
                            "credit_specification.#": "1",
                            "credit_specification.0.cpu_credits": "standard",
                            "disable_api_termination": "false",
                            "ebs_block_device.#": "0",
                            "ebs_optimized": "false",
                            "ephemeral_block_device.#": "0",
                            "get_password_data": "false",
                            "iam_instance_profile": "",
                            "id": "i-0f0d6dc9d61292a09",
                            "instance_state": "running",
                            "instance_type": "t2.micro",
                            "ipv6_addresses.#": "0",
                            "key_name": "tf_key",
                            "monitoring": "false",
                            "network_interface.#": "0",
                            "network_interface_id": "eni-084398f80956f8734",
                            "password_data": "",
                            "placement_group": "",
                            "primary_network_interface_id": "eni-084398f80956f8734",
                            "private_dns": "ip-10-123-1-104.ec2.internal",
                            "private_ip": "10.123.1.104",
                            "public_dns": "ec2-52-90-100-214.compute-1.amazonaws.com",
                            "public_ip": "52.90.100.214",
                            "root_block_device.#": "1",
                            "root_block_device.0.delete_on_termination": "true",
                            "root_block_device.0.iops": "100",
                            "root_block_device.0.volume_id": "vol-0c8fa7e6ab18276a2",
                            "root_block_device.0.volume_size": "8",
                            "root_block_device.0.volume_type": "gp2",
                            "security_groups.#": "0",
                            "source_dest_check": "true",
                            "subnet_id": "subnet-0dffbdc7a1a6d8c3c",
                            "tags.%": "1",
                            "tags.Name": "kminion-1",
                            "tenancy": "default",
                            "user_data": "7f5d3cbd45a56991e20e8f9f6b6357481f6868b4",
                            "volume_tags.%": "0",
                            "vpc_security_group_ids.#": "1",
                            "vpc_security_group_ids.3978754936": "sg-0ef8609f6b81aa58a"
                        },
                        "meta": {
                            "e2bfb730-ecaa-11e6-8f88-34363bc7c4c0": {
                                "create": 600000000000,
                                "delete": 1200000000000,
                                "update": 600000000000
                            },
                            "schema_version": "1"
                        },
                        "tainted": false
                    },
                    "deposed": [],
                    "provider": "provider.aws"
                },
                "aws_instance.kminion.1": {
                    "type": "aws_instance",
                    "depends_on": [
                        "aws_key_pair.kube_auth",
                        "data.aws_ami.server_ami",
                        "data.template_file.user-init.*"
                    ],
                    "primary": {
                        "id": "i-03b70ed05ee05d9da",
                        "attributes": {
                            "ami": "ami-0ac019f4fcb7cb7e6",
                            "arn": "arn:aws:ec2:us-east-1:071208650420:instance/i-03b70ed05ee05d9da",
                            "associate_public_ip_address": "true",
                            "availability_zone": "us-east-1b",
                            "cpu_core_count": "1",
                            "cpu_threads_per_core": "1",
                            "credit_specification.#": "1",
                            "credit_specification.0.cpu_credits": "standard",
                            "disable_api_termination": "false",
                            "ebs_block_device.#": "0",
                            "ebs_optimized": "false",
                            "ephemeral_block_device.#": "0",
                            "get_password_data": "false",
                            "iam_instance_profile": "",
                            "id": "i-03b70ed05ee05d9da",
                            "instance_state": "running",
                            "instance_type": "t2.micro",
                            "ipv6_addresses.#": "0",
                            "key_name": "tf_key",
                            "monitoring": "false",
                            "network_interface.#": "0",
                            "network_interface_id": "eni-0e30b45610f060e64",
                            "password_data": "",
                            "placement_group": "",
                            "primary_network_interface_id": "eni-0e30b45610f060e64",
                            "private_dns": "ip-10-123-2-98.ec2.internal",
                            "private_ip": "10.123.2.98",
                            "public_dns": "ec2-34-229-226-38.compute-1.amazonaws.com",
                            "public_ip": "34.229.226.38",
                            "root_block_device.#": "1",
                            "root_block_device.0.delete_on_termination": "true",
                            "root_block_device.0.iops": "100",
                            "root_block_device.0.volume_id": "vol-06e2c933b2139c37b",
                            "root_block_device.0.volume_size": "8",
                            "root_block_device.0.volume_type": "gp2",
                            "security_groups.#": "0",
                            "source_dest_check": "true",
                            "subnet_id": "subnet-0dad067d6d542739f",
                            "tags.%": "1",
                            "tags.Name": "kminion-2",
                            "tenancy": "default",
                            "user_data": "7f5d3cbd45a56991e20e8f9f6b6357481f6868b4",
                            "volume_tags.%": "0",
                            "vpc_security_group_ids.#": "1",
                            "vpc_security_group_ids.3978754936": "sg-0ef8609f6b81aa58a"
                        },
                        "meta": {
                            "e2bfb730-ecaa-11e6-8f88-34363bc7c4c0": {
                                "create": 600000000000,
                                "delete": 1200000000000,
                                "update": 600000000000
                            },
                            "schema_version": "1"
                        },
                        "tainted": false
                    },
                    "deposed": [],
                    "provider": "provider.aws"
                },
                "aws_key_pair.kube_auth": {
                    "type": "aws_key_pair",
                    "depends_on": [],
                    "primary": {
                        "id": "tf_key",
                        "attributes": {
                            "fingerprint": "81:9a:3c:53:fc:e2:61:28:2b:86:8a:7b:61:8a:12:db",
                            "id": "tf_key",
                            "key_name": "tf_key",
                            "public_key": "ssh-rsa AAAAB3NzaC1yc2EAAAADAQABAAABAQDGAwKzHoW80FRuvvNpHxNS8p1U3A9pBx7NzBqABER4c2gpSQv8YddcvbuntzHImiosW0wyHuCHQ/rkusxF8MwuJkA2kckfDvs7D0xuL+Ty0Gb2sz/CjvX1xIGpoQlKLiatl9DDZUgJoulV1u0DdnSZ4+7VZCqJFEMDe4RprXQmA9rF7LWl44WhJ62lp3ARLW661oIZr0ZWt+9y1P8h8qRwIgRD40i+/md1DsDe9NSD1YaQVEJG6mEvFuy5lFXjkxAyEHsTodn5LJHCw8ZOJPyMT7mIf170FjOp4Hxwuziwy8vxAc/vsONwtykEDCn+9nYpaloc5Kw8nHe8sWhS2sI3 RajenAN@Arunkumars-MacBook-Pro.local"
                        },
                        "meta": {
                            "schema_version": "1"
                        },
                        "tainted": false
                    },
                    "deposed": [],
                    "provider": "provider.aws"
                },
                "data.aws_ami.server_ami": {
                    "type": "aws_ami",
                    "depends_on": [],
                    "primary": {
                        "id": "ami-0ac019f4fcb7cb7e6",
                        "attributes": {
                            "architecture": "x86_64",
                            "block_device_mappings.#": "3",
                            "block_device_mappings.1634610537.device_name": "/dev/sdb",
                            "block_device_mappings.1634610537.ebs.%": "0",
                            "block_device_mappings.1634610537.no_device": "",
                            "block_device_mappings.1634610537.virtual_name": "ephemeral0",
                            "block_device_mappings.2547816212.device_name": "/dev/sda1",
                            "block_device_mappings.2547816212.ebs.%": "6",
                            "block_device_mappings.2547816212.ebs.delete_on_termination": "true",
                            "block_device_mappings.2547816212.ebs.encrypted": "false",
                            "block_device_mappings.2547816212.ebs.iops": "0",
                            "block_device_mappings.2547816212.ebs.snapshot_id": "snap-0f08fe61aa57fc583",
                            "block_device_mappings.2547816212.ebs.volume_size": "8",
                            "block_device_mappings.2547816212.ebs.volume_type": "gp2",
                            "block_device_mappings.2547816212.no_device": "",
                            "block_device_mappings.2547816212.virtual_name": "",
                            "block_device_mappings.3850042718.device_name": "/dev/sdc",
                            "block_device_mappings.3850042718.ebs.%": "0",
                            "block_device_mappings.3850042718.no_device": "",
                            "block_device_mappings.3850042718.virtual_name": "ephemeral1",
                            "creation_date": "2018-09-12T21:04:17.000Z",
                            "description": "Canonical, Ubuntu, 18.04 LTS, amd64 bionic image build on 2018-09-12",
                            "filter.#": "1",
                            "filter.898703252.name": "name",
                            "filter.898703252.values.#": "1",
                            "filter.898703252.values.0": "ubuntu/images/hvm-ssd/ubuntu-bionic-18.04-amd64-server-20180912",
                            "hypervisor": "xen",
                            "id": "ami-0ac019f4fcb7cb7e6",
                            "image_id": "ami-0ac019f4fcb7cb7e6",
                            "image_location": "099720109477/ubuntu/images/hvm-ssd/ubuntu-bionic-18.04-amd64-server-20180912",
                            "image_type": "machine",
                            "most_recent": "true",
                            "name": "ubuntu/images/hvm-ssd/ubuntu-bionic-18.04-amd64-server-20180912",
                            "owner_id": "099720109477",
                            "product_codes.#": "0",
                            "public": "true",
                            "root_device_name": "/dev/sda1",
                            "root_device_type": "ebs",
                            "root_snapshot_id": "snap-0f08fe61aa57fc583",
                            "sriov_net_support": "simple",
                            "state": "available",
                            "state_reason.%": "2",
                            "state_reason.code": "UNSET",
                            "state_reason.message": "UNSET",
                            "tags.%": "0",
                            "virtualization_type": "hvm"
                        },
                        "meta": {},
                        "tainted": false
                    },
                    "deposed": [],
                    "provider": "provider.aws"
                },
                "data.template_file.user-init.0": {
                    "type": "template_file",
                    "depends_on": [],
                    "primary": {
                        "id": "286a144489ac392a5ce112877adb39202862988dd610fc0db3d76ee8efa700a4",
                        "attributes": {
                            "id": "286a144489ac392a5ce112877adb39202862988dd610fc0db3d76ee8efa700a4",
                            "rendered": "#!/bin/bash\napt-get update -y\napt-get install wget -y\nwget -q --show-progress --https-only --timestamping \\\n  https://pkg.cfssl.org/R1.2/cfssl_linux-amd64 \\\n  https://pkg.cfssl.org/R1.2/cfssljson_linux-amd64\nchmod +x cfssl_linux-amd64 cfssljson_linux-amd64\nsudo mv cfssl_linux-amd64 /usr/local/bin/cfssl\nsudo mv cfssljson_linux-amd64 /usr/local/bin/cfssljson\nwget https://storage.googleapis.com/kubernetes-release/release/v1.10.2/bin/linux/amd64/kubectl\nchmod +x kubectl\nsudo mv kubectl /usr/local/bin/\necho test\n",
                            "template": "#!/bin/bash\napt-get update -y\napt-get install wget -y\nwget -q --show-progress --https-only --timestamping \\\n  https://pkg.cfssl.org/R1.2/cfssl_linux-amd64 \\\n  https://pkg.cfssl.org/R1.2/cfssljson_linux-amd64\nchmod +x cfssl_linux-amd64 cfssljson_linux-amd64\nsudo mv cfssl_linux-amd64 /usr/local/bin/cfssl\nsudo mv cfssljson_linux-amd64 /usr/local/bin/cfssljson\nwget https://storage.googleapis.com/kubernetes-release/release/v1.10.2/bin/linux/amd64/kubectl\nchmod +x kubectl\nsudo mv kubectl /usr/local/bin/\necho test\n",
                            "vars.%": "1",
                            "vars.firewall_subnets": "10.123.1.0/24"
                        },
                        "meta": {},
                        "tainted": false
                    },
                    "deposed": [],
                    "provider": "provider.template"
                },
                "data.template_file.user-init.1": {
                    "type": "template_file",
                    "depends_on": [],
                    "primary": {
                        "id": "286a144489ac392a5ce112877adb39202862988dd610fc0db3d76ee8efa700a4",
                        "attributes": {
                            "id": "286a144489ac392a5ce112877adb39202862988dd610fc0db3d76ee8efa700a4",
                            "rendered": "#!/bin/bash\napt-get update -y\napt-get install wget -y\nwget -q --show-progress --https-only --timestamping \\\n  https://pkg.cfssl.org/R1.2/cfssl_linux-amd64 \\\n  https://pkg.cfssl.org/R1.2/cfssljson_linux-amd64\nchmod +x cfssl_linux-amd64 cfssljson_linux-amd64\nsudo mv cfssl_linux-amd64 /usr/local/bin/cfssl\nsudo mv cfssljson_linux-amd64 /usr/local/bin/cfssljson\nwget https://storage.googleapis.com/kubernetes-release/release/v1.10.2/bin/linux/amd64/kubectl\nchmod +x kubectl\nsudo mv kubectl /usr/local/bin/\necho test\n",
                            "template": "#!/bin/bash\napt-get update -y\napt-get install wget -y\nwget -q --show-progress --https-only --timestamping \\\n  https://pkg.cfssl.org/R1.2/cfssl_linux-amd64 \\\n  https://pkg.cfssl.org/R1.2/cfssljson_linux-amd64\nchmod +x cfssl_linux-amd64 cfssljson_linux-amd64\nsudo mv cfssl_linux-amd64 /usr/local/bin/cfssl\nsudo mv cfssljson_linux-amd64 /usr/local/bin/cfssljson\nwget https://storage.googleapis.com/kubernetes-release/release/v1.10.2/bin/linux/amd64/kubectl\nchmod +x kubectl\nsudo mv kubectl /usr/local/bin/\necho test\n",
                            "vars.%": "1",
                            "vars.firewall_subnets": "10.123.2.0/24"
                        },
                        "meta": {},
                        "tainted": false
                    },
                    "deposed": [],
                    "provider": "provider.template"
                },
                "data.template_file.user-init.2": {
                    "type": "template_file",
                    "depends_on": [],
                    "primary": {
                        "id": "286a144489ac392a5ce112877adb39202862988dd610fc0db3d76ee8efa700a4",
                        "attributes": {
                            "id": "286a144489ac392a5ce112877adb39202862988dd610fc0db3d76ee8efa700a4",
                            "rendered": "#!/bin/bash\napt-get update -y\napt-get install wget -y\nwget -q --show-progress --https-only --timestamping \\\n  https://pkg.cfssl.org/R1.2/cfssl_linux-amd64 \\\n  https://pkg.cfssl.org/R1.2/cfssljson_linux-amd64\nchmod +x cfssl_linux-amd64 cfssljson_linux-amd64\nsudo mv cfssl_linux-amd64 /usr/local/bin/cfssl\nsudo mv cfssljson_linux-amd64 /usr/local/bin/cfssljson\nwget https://storage.googleapis.com/kubernetes-release/release/v1.10.2/bin/linux/amd64/kubectl\nchmod +x kubectl\nsudo mv kubectl /usr/local/bin/\necho test\n",
                            "template": "#!/bin/bash\napt-get update -y\napt-get install wget -y\nwget -q --show-progress --https-only --timestamping \\\n  https://pkg.cfssl.org/R1.2/cfssl_linux-amd64 \\\n  https://pkg.cfssl.org/R1.2/cfssljson_linux-amd64\nchmod +x cfssl_linux-amd64 cfssljson_linux-amd64\nsudo mv cfssl_linux-amd64 /usr/local/bin/cfssl\nsudo mv cfssljson_linux-amd64 /usr/local/bin/cfssljson\nwget https://storage.googleapis.com/kubernetes-release/release/v1.10.2/bin/linux/amd64/kubectl\nchmod +x kubectl\nsudo mv kubectl /usr/local/bin/\necho test\n",
                            "vars.%": "1",
                            "vars.firewall_subnets": "10.123.3.0/24"
                        },
                        "meta": {},
                        "tainted": false
                    },
                    "deposed": [],
                    "provider": "provider.template"
                },
                "data.template_file.user-init.3": {
                    "type": "template_file",
                    "depends_on": [],
                    "primary": {
                        "id": "286a144489ac392a5ce112877adb39202862988dd610fc0db3d76ee8efa700a4",
                        "attributes": {
                            "id": "286a144489ac392a5ce112877adb39202862988dd610fc0db3d76ee8efa700a4",
                            "rendered": "#!/bin/bash\napt-get update -y\napt-get install wget -y\nwget -q --show-progress --https-only --timestamping \\\n  https://pkg.cfssl.org/R1.2/cfssl_linux-amd64 \\\n  https://pkg.cfssl.org/R1.2/cfssljson_linux-amd64\nchmod +x cfssl_linux-amd64 cfssljson_linux-amd64\nsudo mv cfssl_linux-amd64 /usr/local/bin/cfssl\nsudo mv cfssljson_linux-amd64 /usr/local/bin/cfssljson\nwget https://storage.googleapis.com/kubernetes-release/release/v1.10.2/bin/linux/amd64/kubectl\nchmod +x kubectl\nsudo mv kubectl /usr/local/bin/\necho test\n",
                            "template": "#!/bin/bash\napt-get update -y\napt-get install wget -y\nwget -q --show-progress --https-only --timestamping \\\n  https://pkg.cfssl.org/R1.2/cfssl_linux-amd64 \\\n  https://pkg.cfssl.org/R1.2/cfssljson_linux-amd64\nchmod +x cfssl_linux-amd64 cfssljson_linux-amd64\nsudo mv cfssl_linux-amd64 /usr/local/bin/cfssl\nsudo mv cfssljson_linux-amd64 /usr/local/bin/cfssljson\nwget https://storage.googleapis.com/kubernetes-release/release/v1.10.2/bin/linux/amd64/kubectl\nchmod +x kubectl\nsudo mv kubectl /usr/local/bin/\necho test\n",
                            "vars.%": "1",
                            "vars.firewall_subnets": "10.123.4.0/24"
                        },
                        "meta": {},
                        "tainted": false
                    },
                    "deposed": [],
                    "provider": "provider.template"
                },
                "null_resource.cert_create": {
                    "type": "null_resource",
                    "depends_on": [
                        "aws_instance.kmaster",
                        "aws_instance.kmaster.*"
                    ],
                    "primary": {
                        "id": "5754820369430862205",
                        "attributes": {
                            "id": "5754820369430862205",
                            "triggers.%": "1",
                            "triggers.kmaster_instance_ids": "i-0493ce60a36638979,i-04f43dfea943f7527"
                        },
                        "meta": {},
                        "tainted": false
                    },
                    "deposed": [],
                    "provider": "provider.null"
                },
                "null_resource.etcd_provision.0": {
                    "type": "null_resource",
                    "depends_on": [
                        "aws_instance.kmaster.*",
                        "null_resource.kubedataencrypt_create"
                    ],
                    "primary": {
                        "id": "5934918777189386492",
                        "attributes": {
                            "id": "5934918777189386492",
                            "triggers.%": "1",
                            "triggers.kmaster_instance_ids": "i-0493ce60a36638979,i-04f43dfea943f7527"
                        },
                        "meta": {},
                        "tainted": false
                    },
                    "deposed": [],
                    "provider": "provider.null"
                },
                "null_resource.etcd_provision.1": {
                    "type": "null_resource",
                    "depends_on": [
                        "aws_instance.kmaster.*",
                        "null_resource.kubedataencrypt_create"
                    ],
                    "primary": {
                        "id": "2291839780710105966",
                        "attributes": {
                            "id": "2291839780710105966",
                            "triggers.%": "1",
                            "triggers.kmaster_instance_ids": "i-0493ce60a36638979,i-04f43dfea943f7527"
                        },
                        "meta": {},
                        "tainted": false
                    },
                    "deposed": [],
                    "provider": "provider.null"
                },
                "null_resource.kminion_binary_download.0": {
                    "type": "null_resource",
                    "depends_on": [
                        "aws_instance.kminion.*",
                        "null_resource.kubelet_rbac_auth"
                    ],
                    "primary": {
                        "id": "4982915245794900536",
                        "attributes": {
                            "id": "4982915245794900536",
                            "triggers.%": "1",
                            "triggers.kmaster_instance_ids": "i-0f0d6dc9d61292a09,i-03b70ed05ee05d9da"
                        },
                        "meta": {},
                        "tainted": false
                    },
                    "deposed": [],
                    "provider": "provider.null"
                },
                "null_resource.kminion_binary_download.1": {
                    "type": "null_resource",
                    "depends_on": [
                        "aws_instance.kminion.*",
                        "null_resource.kubelet_rbac_auth"
                    ],
                    "primary": {
                        "id": "1618294535873826386",
                        "attributes": {
                            "id": "1618294535873826386",
                            "triggers.%": "1",
                            "triggers.kmaster_instance_ids": "i-0f0d6dc9d61292a09,i-03b70ed05ee05d9da"
                        },
                        "meta": {},
                        "tainted": false
                    },
                    "deposed": [],
                    "provider": "provider.null"
                },
                "null_resource.kminion_containerd_install.0": {
                    "type": "null_resource",
                    "depends_on": [
                        "aws_instance.kminion.*",
                        "null_resource.kminion_binary_download"
                    ],
                    "primary": {
                        "id": "1497062071125239584",
                        "attributes": {
                            "id": "1497062071125239584",
                            "triggers.%": "1",
                            "triggers.kmaster_instance_ids": "i-0f0d6dc9d61292a09,i-03b70ed05ee05d9da"
                        },
                        "meta": {},
                        "tainted": false
                    },
                    "deposed": [],
                    "provider": "provider.null"
                },
                "null_resource.kminion_containerd_install.1": {
                    "type": "null_resource",
                    "depends_on": [
                        "aws_instance.kminion.*",
                        "null_resource.kminion_binary_download"
                    ],
                    "primary": {
                        "id": "5099528465554849081",
                        "attributes": {
                            "id": "5099528465554849081",
                            "triggers.%": "1",
                            "triggers.kmaster_instance_ids": "i-0f0d6dc9d61292a09,i-03b70ed05ee05d9da"
                        },
                        "meta": {},
                        "tainted": false
                    },
                    "deposed": [],
                    "provider": "provider.null"
                },
                "null_resource.kminion_kubelet_install.0": {
                    "type": "null_resource",
                    "depends_on": [
                        "aws_instance.kminion.*",
                        "null_resource.kminion_containerd_install"
                    ],
                    "primary": {
                        "id": "9184387779494683725",
                        "attributes": {
                            "id": "9184387779494683725",
                            "triggers.%": "1",
                            "triggers.kmaster_instance_ids": "i-0f0d6dc9d61292a09,i-03b70ed05ee05d9da"
                        },
                        "meta": {},
                        "tainted": false
                    },
                    "deposed": [],
                    "provider": "provider.null"
                },
                "null_resource.kminion_kubelet_install.1": {
                    "type": "null_resource",
                    "depends_on": [
                        "aws_instance.kminion.*",
                        "null_resource.kminion_containerd_install"
                    ],
                    "primary": {
                        "id": "5997266117492156539",
                        "attributes": {
                            "id": "5997266117492156539",
                            "triggers.%": "1",
                            "triggers.kmaster_instance_ids": "i-0f0d6dc9d61292a09,i-03b70ed05ee05d9da"
                        },
                        "meta": {},
                        "tainted": false
                    },
                    "deposed": [],
                    "provider": "provider.null"
                },
                "null_resource.kminion_kubeproxy_install.0": {
                    "type": "null_resource",
                    "depends_on": [
                        "aws_instance.kminion.*",
                        "null_resource.kminion_kubelet_install"
                    ],
                    "primary": {
                        "id": "6848149176247561237",
                        "attributes": {
                            "id": "6848149176247561237",
                            "triggers.%": "1",
                            "triggers.kmaster_instance_ids": "i-0f0d6dc9d61292a09,i-03b70ed05ee05d9da"
                        },
                        "meta": {},
                        "tainted": false
                    },
                    "deposed": [],
                    "provider": "provider.null"
                },
                "null_resource.kminion_kubeproxy_install.1": {
                    "type": "null_resource",
                    "depends_on": [
                        "aws_instance.kminion.*",
                        "null_resource.kminion_kubelet_install"
                    ],
                    "primary": {
                        "id": "5299875789141696888",
                        "attributes": {
                            "id": "5299875789141696888",
                            "triggers.%": "1",
                            "triggers.kmaster_instance_ids": "i-0f0d6dc9d61292a09,i-03b70ed05ee05d9da"
                        },
                        "meta": {},
                        "tainted": false
                    },
                    "deposed": [],
                    "provider": "provider.null"
                },
                "null_resource.kminion_network_install": {
                    "type": "null_resource",
                    "depends_on": [
                        "aws_instance.kmaster.*",
                        "null_resource.kminion_kubeproxy_install"
                    ],
                    "primary": {
                        "id": "1580443330480159959",
                        "attributes": {
                            "id": "1580443330480159959",
                            "triggers.%": "1",
                            "triggers.kmaster_instance_ids": "i-0493ce60a36638979,i-04f43dfea943f7527"
                        },
                        "meta": {},
                        "tainted": false
                    },
                    "deposed": [],
                    "provider": "provider.null"
                },
                "null_resource.kubeconfig_create": {
                    "type": "null_resource",
                    "depends_on": [
                        "aws_instance.kmaster.*",
                        "aws_instance.kminion.*",
                        "null_resource.kubectl_cert_create"
                    ],
                    "primary": {
                        "id": "4201956149094841670",
                        "attributes": {
                            "id": "4201956149094841670",
                            "triggers.%": "1",
                            "triggers.kminion_instance_ids": "i-0f0d6dc9d61292a09,i-03b70ed05ee05d9da"
                        },
                        "meta": {},
                        "tainted": false
                    },
                    "deposed": [],
                    "provider": "provider.null"
                },
                "null_resource.kubectl_cert_create": {
                    "type": "null_resource",
                    "depends_on": [
                        "aws_instance.kmaster.*",
                        "aws_instance.kminion.*",
                        "null_resource.cert_create"
                    ],
                    "primary": {
                        "id": "5906130058765211287",
                        "attributes": {
                            "id": "5906130058765211287",
                            "triggers.%": "1",
                            "triggers.kminion_instance_ids": "i-0f0d6dc9d61292a09,i-03b70ed05ee05d9da"
                        },
                        "meta": {},
                        "tainted": false
                    },
                    "deposed": [],
                    "provider": "provider.null"
                },
                "null_resource.kubedataencrypt_create": {
                    "type": "null_resource",
                    "depends_on": [
                        "aws_instance.kmaster.*",
                        "aws_instance.kminion.*",
                        "null_resource.kubectl_cert_create"
                    ],
                    "primary": {
                        "id": "8849051301053511938",
                        "attributes": {
                            "id": "8849051301053511938",
                            "triggers.%": "1",
                            "triggers.kminion_instance_ids": "i-0f0d6dc9d61292a09,i-03b70ed05ee05d9da"
                        },
                        "meta": {},
                        "tainted": false
                    },
                    "deposed": [],
                    "provider": "provider.null"
                },
                "null_resource.kubelet_rbac_auth": {
                    "type": "null_resource",
                    "depends_on": [
                        "aws_instance.kmaster.*",
                        "null_resource.kubemaster_provision"
                    ],
                    "primary": {
                        "id": "6062485639535484057",
                        "attributes": {
                            "id": "6062485639535484057",
                            "triggers.%": "1",
                            "triggers.kmaster_instance_ids": "i-0493ce60a36638979,i-04f43dfea943f7527"
                        },
                        "meta": {},
                        "tainted": false
                    },
                    "deposed": [],
                    "provider": "provider.null"
                },
                "null_resource.kubemaster_provision.0": {
                    "type": "null_resource",
                    "depends_on": [
                        "aws_instance.kmaster.*",
                        "null_resource.etcd_provision"
                    ],
                    "primary": {
                        "id": "4106469039820145037",
                        "attributes": {
                            "id": "4106469039820145037",
                            "triggers.%": "1",
                            "triggers.kmaster_instance_ids": "i-0493ce60a36638979,i-04f43dfea943f7527"
                        },
                        "meta": {},
                        "tainted": false
                    },
                    "deposed": [],
                    "provider": "provider.null"
                },
                "null_resource.kubemaster_provision.1": {
                    "type": "null_resource",
                    "depends_on": [
                        "aws_instance.kmaster.*",
                        "null_resource.etcd_provision"
                    ],
                    "primary": {
                        "id": "5274919652102528458",
                        "attributes": {
                            "id": "5274919652102528458",
                            "triggers.%": "1",
                            "triggers.kmaster_instance_ids": "i-0493ce60a36638979,i-04f43dfea943f7527"
                        },
                        "meta": {},
                        "tainted": false
                    },
                    "deposed": [],
                    "provider": "provider.null"
                }
            },
            "depends_on": []
        },
        {
            "path": [
                "root",
                "networking"
            ],
            "outputs": {
                "public_sg": {
                    "sensitive": false,
                    "type": "string",
                    "value": "sg-0ef8609f6b81aa58a"
                },
                "public_subnets": {
                    "sensitive": false,
                    "type": "list",
                    "value": [
                        "subnet-0dffbdc7a1a6d8c3c",
                        "subnet-0dad067d6d542739f",
                        "subnet-03ae5e7f96c122a99",
                        "subnet-06790343cfbd8cbc2"
                    ]
                },
                "subnet_ips": {
                    "sensitive": false,
                    "type": "list",
                    "value": [
                        "10.123.1.0/24",
                        "10.123.2.0/24",
                        "10.123.3.0/24",
                        "10.123.4.0/24"
                    ]
                }
            },
            "resources": {
                "aws_internet_gateway.kube_internet_gateway": {
                    "type": "aws_internet_gateway",
                    "depends_on": [
                        "aws_vpc.kube_vpc"
                    ],
                    "primary": {
                        "id": "igw-08559c6671dbfa7dc",
                        "attributes": {
                            "id": "igw-08559c6671dbfa7dc",
                            "tags.%": "1",
                            "tags.Name": "kube_igw",
                            "vpc_id": "vpc-0a5dc5656adb90963"
                        },
                        "meta": {},
                        "tainted": false
                    },
                    "deposed": [],
                    "provider": "provider.aws"
                },
                "aws_route_table.kube_public_rt": {
                    "type": "aws_route_table",
                    "depends_on": [
                        "aws_internet_gateway.kube_internet_gateway",
                        "aws_vpc.kube_vpc"
                    ],
                    "primary": {
                        "id": "rtb-07a6f3cf49986eaac",
                        "attributes": {
                            "id": "rtb-07a6f3cf49986eaac",
                            "propagating_vgws.#": "0",
                            "route.#": "1",
                            "route.1033514343.cidr_block": "0.0.0.0/0",
                            "route.1033514343.egress_only_gateway_id": "",
                            "route.1033514343.gateway_id": "igw-08559c6671dbfa7dc",
                            "route.1033514343.instance_id": "",
                            "route.1033514343.ipv6_cidr_block": "",
                            "route.1033514343.nat_gateway_id": "",
                            "route.1033514343.network_interface_id": "",
                            "route.1033514343.transit_gateway_id": "",
                            "route.1033514343.vpc_peering_connection_id": "",
                            "tags.%": "1",
                            "tags.Name": "kube_public",
                            "vpc_id": "vpc-0a5dc5656adb90963"
                        },
                        "meta": {},
                        "tainted": false
                    },
                    "deposed": [],
                    "provider": "provider.aws"
                },
                "aws_route_table_association.kube_public_assoc.0": {
                    "type": "aws_route_table_association",
                    "depends_on": [
                        "aws_route_table.kube_public_rt",
                        "aws_subnet.kube_public_subnet",
                        "aws_subnet.kube_public_subnet.*"
                    ],
                    "primary": {
                        "id": "rtbassoc-0e769f467f5e27e1f",
                        "attributes": {
                            "id": "rtbassoc-0e769f467f5e27e1f",
                            "route_table_id": "rtb-07a6f3cf49986eaac",
                            "subnet_id": "subnet-0dffbdc7a1a6d8c3c"
                        },
                        "meta": {},
                        "tainted": false
                    },
                    "deposed": [],
                    "provider": "provider.aws"
                },
                "aws_route_table_association.kube_public_assoc.1": {
                    "type": "aws_route_table_association",
                    "depends_on": [
                        "aws_route_table.kube_public_rt",
                        "aws_subnet.kube_public_subnet",
                        "aws_subnet.kube_public_subnet.*"
                    ],
                    "primary": {
                        "id": "rtbassoc-0792a39eb490842da",
                        "attributes": {
                            "id": "rtbassoc-0792a39eb490842da",
                            "route_table_id": "rtb-07a6f3cf49986eaac",
                            "subnet_id": "subnet-0dad067d6d542739f"
                        },
                        "meta": {},
                        "tainted": false
                    },
                    "deposed": [],
                    "provider": "provider.aws"
                },
                "aws_route_table_association.kube_public_assoc.2": {
                    "type": "aws_route_table_association",
                    "depends_on": [
                        "aws_route_table.kube_public_rt",
                        "aws_subnet.kube_public_subnet",
                        "aws_subnet.kube_public_subnet.*"
                    ],
                    "primary": {
                        "id": "rtbassoc-042a43138d1b0da6c",
                        "attributes": {
                            "id": "rtbassoc-042a43138d1b0da6c",
                            "route_table_id": "rtb-07a6f3cf49986eaac",
                            "subnet_id": "subnet-03ae5e7f96c122a99"
                        },
                        "meta": {},
                        "tainted": false
                    },
                    "deposed": [],
                    "provider": "provider.aws"
                },
                "aws_route_table_association.kube_public_assoc.3": {
                    "type": "aws_route_table_association",
                    "depends_on": [
                        "aws_route_table.kube_public_rt",
                        "aws_subnet.kube_public_subnet",
                        "aws_subnet.kube_public_subnet.*"
                    ],
                    "primary": {
                        "id": "rtbassoc-0774fb8668f10d224",
                        "attributes": {
                            "id": "rtbassoc-0774fb8668f10d224",
                            "route_table_id": "rtb-07a6f3cf49986eaac",
                            "subnet_id": "subnet-06790343cfbd8cbc2"
                        },
                        "meta": {},
                        "tainted": false
                    },
                    "deposed": [],
                    "provider": "provider.aws"
                },
                "aws_security_group.kube_public_sg": {
                    "type": "aws_security_group",
                    "depends_on": [
                        "aws_vpc.kube_vpc"
                    ],
                    "primary": {
                        "id": "sg-0ef8609f6b81aa58a",
                        "attributes": {
                            "arn": "arn:aws:ec2:us-east-1:071208650420:security-group/sg-0ef8609f6b81aa58a",
                            "description": "Used for access to the public instances",
                            "egress.#": "1",
                            "egress.482069346.cidr_blocks.#": "1",
                            "egress.482069346.cidr_blocks.0": "0.0.0.0/0",
                            "egress.482069346.description": "",
                            "egress.482069346.from_port": "0",
                            "egress.482069346.ipv6_cidr_blocks.#": "0",
                            "egress.482069346.prefix_list_ids.#": "0",
                            "egress.482069346.protocol": "-1",
                            "egress.482069346.security_groups.#": "0",
                            "egress.482069346.self": "false",
                            "egress.482069346.to_port": "0",
                            "id": "sg-0ef8609f6b81aa58a",
                            "ingress.#": "1",
                            "ingress.482069346.cidr_blocks.#": "1",
                            "ingress.482069346.cidr_blocks.0": "0.0.0.0/0",
                            "ingress.482069346.description": "",
                            "ingress.482069346.from_port": "0",
                            "ingress.482069346.ipv6_cidr_blocks.#": "0",
                            "ingress.482069346.prefix_list_ids.#": "0",
                            "ingress.482069346.protocol": "-1",
                            "ingress.482069346.security_groups.#": "0",
                            "ingress.482069346.self": "false",
                            "ingress.482069346.to_port": "0",
                            "name": "kube_public_sg",
                            "owner_id": "071208650420",
                            "revoke_rules_on_delete": "false",
                            "tags.%": "0",
                            "vpc_id": "vpc-0a5dc5656adb90963"
                        },
                        "meta": {
                            "e2bfb730-ecaa-11e6-8f88-34363bc7c4c0": {
                                "create": 600000000000,
                                "delete": 600000000000
                            },
                            "schema_version": "1"
                        },
                        "tainted": false
                    },
                    "deposed": [],
                    "provider": "provider.aws"
                },
                "aws_subnet.kube_public_subnet.0": {
                    "type": "aws_subnet",
                    "depends_on": [
                        "aws_vpc.kube_vpc",
                        "data.aws_availability_zones.available"
                    ],
                    "primary": {
                        "id": "subnet-0dffbdc7a1a6d8c3c",
                        "attributes": {
                            "arn": "arn:aws:ec2:us-east-1:071208650420:subnet/subnet-0dffbdc7a1a6d8c3c",
                            "assign_ipv6_address_on_creation": "false",
                            "availability_zone": "us-east-1a",
                            "cidr_block": "10.123.1.0/24",
                            "id": "subnet-0dffbdc7a1a6d8c3c",
                            "ipv6_cidr_block": "",
                            "ipv6_cidr_block_association_id": "",
                            "map_public_ip_on_launch": "true",
                            "tags.%": "1",
                            "tags.Name": "kube_public_1",
                            "vpc_id": "vpc-0a5dc5656adb90963"
                        },
                        "meta": {
                            "e2bfb730-ecaa-11e6-8f88-34363bc7c4c0": {
                                "create": 600000000000,
                                "delete": 600000000000
                            },
                            "schema_version": "1"
                        },
                        "tainted": false
                    },
                    "deposed": [],
                    "provider": "provider.aws"
                },
                "aws_subnet.kube_public_subnet.1": {
                    "type": "aws_subnet",
                    "depends_on": [
                        "aws_vpc.kube_vpc",
                        "data.aws_availability_zones.available"
                    ],
                    "primary": {
                        "id": "subnet-0dad067d6d542739f",
                        "attributes": {
                            "arn": "arn:aws:ec2:us-east-1:071208650420:subnet/subnet-0dad067d6d542739f",
                            "assign_ipv6_address_on_creation": "false",
                            "availability_zone": "us-east-1b",
                            "cidr_block": "10.123.2.0/24",
                            "id": "subnet-0dad067d6d542739f",
                            "ipv6_cidr_block": "",
                            "ipv6_cidr_block_association_id": "",
                            "map_public_ip_on_launch": "true",
                            "tags.%": "1",
                            "tags.Name": "kube_public_2",
                            "vpc_id": "vpc-0a5dc5656adb90963"
                        },
                        "meta": {
                            "e2bfb730-ecaa-11e6-8f88-34363bc7c4c0": {
                                "create": 600000000000,
                                "delete": 600000000000
                            },
                            "schema_version": "1"
                        },
                        "tainted": false
                    },
                    "deposed": [],
                    "provider": "provider.aws"
                },
                "aws_subnet.kube_public_subnet.2": {
                    "type": "aws_subnet",
                    "depends_on": [
                        "aws_vpc.kube_vpc",
                        "data.aws_availability_zones.available"
                    ],
                    "primary": {
                        "id": "subnet-03ae5e7f96c122a99",
                        "attributes": {
                            "arn": "arn:aws:ec2:us-east-1:071208650420:subnet/subnet-03ae5e7f96c122a99",
                            "assign_ipv6_address_on_creation": "false",
                            "availability_zone": "us-east-1c",
                            "cidr_block": "10.123.3.0/24",
                            "id": "subnet-03ae5e7f96c122a99",
                            "ipv6_cidr_block": "",
                            "ipv6_cidr_block_association_id": "",
                            "map_public_ip_on_launch": "true",
                            "tags.%": "1",
                            "tags.Name": "kube_public_3",
                            "vpc_id": "vpc-0a5dc5656adb90963"
                        },
                        "meta": {
                            "e2bfb730-ecaa-11e6-8f88-34363bc7c4c0": {
                                "create": 600000000000,
                                "delete": 600000000000
                            },
                            "schema_version": "1"
                        },
                        "tainted": false
                    },
                    "deposed": [],
                    "provider": "provider.aws"
                },
                "aws_subnet.kube_public_subnet.3": {
                    "type": "aws_subnet",
                    "depends_on": [
                        "aws_vpc.kube_vpc",
                        "data.aws_availability_zones.available"
                    ],
                    "primary": {
                        "id": "subnet-06790343cfbd8cbc2",
                        "attributes": {
                            "arn": "arn:aws:ec2:us-east-1:071208650420:subnet/subnet-06790343cfbd8cbc2",
                            "assign_ipv6_address_on_creation": "false",
                            "availability_zone": "us-east-1d",
                            "cidr_block": "10.123.4.0/24",
                            "id": "subnet-06790343cfbd8cbc2",
                            "ipv6_cidr_block": "",
                            "ipv6_cidr_block_association_id": "",
                            "map_public_ip_on_launch": "true",
                            "tags.%": "1",
                            "tags.Name": "kube_public_4",
                            "vpc_id": "vpc-0a5dc5656adb90963"
                        },
                        "meta": {
                            "e2bfb730-ecaa-11e6-8f88-34363bc7c4c0": {
                                "create": 600000000000,
                                "delete": 600000000000
                            },
                            "schema_version": "1"
                        },
                        "tainted": false
                    },
                    "deposed": [],
                    "provider": "provider.aws"
                },
                "aws_vpc.kube_vpc": {
                    "type": "aws_vpc",
                    "depends_on": [],
                    "primary": {
                        "id": "vpc-0a5dc5656adb90963",
                        "attributes": {
                            "arn": "arn:aws:ec2:us-east-1:071208650420:vpc/vpc-0a5dc5656adb90963",
                            "assign_generated_ipv6_cidr_block": "false",
                            "cidr_block": "10.123.0.0/16",
                            "default_network_acl_id": "acl-00245459ead22c81b",
                            "default_route_table_id": "rtb-0d94d33bb10cfd17c",
                            "default_security_group_id": "sg-0b168aca034baf74b",
                            "dhcp_options_id": "dopt-5ae1023f",
                            "enable_classiclink": "false",
                            "enable_classiclink_dns_support": "false",
                            "enable_dns_hostnames": "true",
                            "enable_dns_support": "true",
                            "id": "vpc-0a5dc5656adb90963",
                            "instance_tenancy": "default",
                            "ipv6_association_id": "",
                            "ipv6_cidr_block": "",
                            "main_route_table_id": "rtb-0d94d33bb10cfd17c",
                            "tags.%": "1",
                            "tags.Name": "kube_vpc"
                        },
                        "meta": {
                            "schema_version": "1"
                        },
                        "tainted": false
                    },
                    "deposed": [],
                    "provider": "provider.aws"
                },
                "data.aws_availability_zones.available": {
                    "type": "aws_availability_zones",
                    "depends_on": [],
                    "primary": {
                        "id": "2018-12-02 06:30:12.119395 +0000 UTC",
                        "attributes": {
                            "id": "2018-12-02 06:30:12.119395 +0000 UTC",
                            "names.#": "6",
                            "names.0": "us-east-1a",
                            "names.1": "us-east-1b",
                            "names.2": "us-east-1c",
                            "names.3": "us-east-1d",
                            "names.4": "us-east-1e",
                            "names.5": "us-east-1f"
                        },
                        "meta": {},
                        "tainted": false
                    },
                    "deposed": [],
                    "provider": "provider.aws"
                }
            },
            "depends_on": []
        },
        {
            "path": [
                "root",
                "storage"
            ],
            "outputs": {
                "bucketname": {
                    "sensitive": false,
                    "type": "string",
                    "value": "la-terraform-5535"
                }
            },
            "resources": {
                "aws_s3_bucket.kube_code": {
                    "type": "aws_s3_bucket",
                    "depends_on": [
                        "random_id.kube_bucket_id"
                    ],
                    "primary": {
                        "id": "la-terraform-5535",
                        "attributes": {
                            "acceleration_status": "",
                            "acl": "private",
                            "arn": "arn:aws:s3:::la-terraform-5535",
                            "bucket": "la-terraform-5535",
                            "bucket_domain_name": "la-terraform-5535.s3.amazonaws.com",
                            "bucket_regional_domain_name": "la-terraform-5535.s3.amazonaws.com",
                            "cors_rule.#": "0",
                            "force_destroy": "true",
                            "hosted_zone_id": "Z3AQBSTGFYJSTF",
                            "id": "la-terraform-5535",
                            "lifecycle_rule.#": "0",
                            "logging.#": "0",
                            "region": "us-east-1",
                            "replication_configuration.#": "0",
                            "request_payer": "BucketOwner",
                            "server_side_encryption_configuration.#": "0",
                            "tags.%": "1",
                            "tags.Name": "kube_bucket",
                            "versioning.#": "1",
                            "versioning.0.enabled": "false",
                            "versioning.0.mfa_delete": "false",
                            "website.#": "0"
                        },
                        "meta": {},
                        "tainted": false
                    },
                    "deposed": [],
                    "provider": "provider.aws"
                },
                "random_id.kube_bucket_id": {
                    "type": "random_id",
                    "depends_on": [],
                    "primary": {
                        "id": "FZ8",
                        "attributes": {
                            "b64": "FZ8",
                            "b64_std": "FZ8=",
                            "b64_url": "FZ8",
                            "byte_length": "2",
                            "dec": "5535",
                            "hex": "159f",
                            "id": "FZ8"
                        },
                        "meta": {},
                        "tainted": false
                    },
                    "deposed": [],
                    "provider": "provider.random"
                }
            },
            "depends_on": []
        }
    ]
}
